// !$*UTF8*$!
{
	archiveVersion = 1;
	classes = {
	};
	objectVersion = 46;
	objects = {
		37A87E2B1601E2E9822F0B38 = {
			isa = PBXBuildFile;
			fileRef = 4578F0186201F0B4268AC0CB;
		};
		DD32FC303FCAD58894948863 = {
			isa = PBXBuildFile;
			fileRef = 7E87280556AE23D47482A7CC;
		};
		8FEF30DBC207AC43E681D31A = {
			isa = PBXBuildFile;
			fileRef = 9C9108058208EDCA9466C7E4;
		};
		4DB9CADCEC794C05EE00C73D = {
			isa = PBXBuildFile;
			fileRef = C9685D65CAF5B1233393A22D;
		};
		FF80CCADE7B635817F3000E5 = {
			isa = PBXBuildFile;
			fileRef = 443A468EC331951AFEF7ECAD;
		};
		BDA2971AE80EED7B00D93169 = {
			isa = PBXBuildFile;
			fileRef = 96F98A018B566BA61E1031D2;
		};
		F7F1D19EDFEF6B31FE3E6CE4 = {
			isa = PBXBuildFile;
			fileRef = FC8B2631ADB03A9876B5ACE8;
		};
		C7951B0D7261CBE8EAE2D3E8 = {
			isa = PBXBuildFile;
			fileRef = 8A8C1EA4934C14EA3F0671F7;
		};
		AA720F65416ABC98B635CC66 = {
			isa = PBXBuildFile;
			fileRef = 63B604F10EAB8700230AB1F8;
		};
		A93DE0E3B64587B21EAB3F04 = {
			isa = PBXBuildFile;
			fileRef = 89B5CC691FF6B55C1F0FCB4C;
		};
		91431F0F9A98C8BD14365E71 = {
			isa = PBXBuildFile;
			fileRef = BAF8FBC386A771958EE9EBFC;
		};
		ACDF388AD2BE4359E51BAE98 = {
			isa = PBXBuildFile;
			fileRef = 75B78CAB848EF34DF2E7982A;
		};
		F9BDA15B3A51E9CBC2A82A3E = {
			isa = PBXBuildFile;
			fileRef = 6FDE508A425C779578D1E7FA;
		};
		CE8F8DFFB86DDF0FBEF1B3E4 = {
			isa = PBXBuildFile;
			fileRef = 8912D6E1665E5B9DAB23EB7D;
		};
		405C8D471C043A341479CB0A = {
			isa = PBXBuildFile;
			fileRef = 84DE5DD2AE8CE2A1C38F713E;
		};
		CD209D80FAF5E6296B4631C9 = {
			isa = PBXBuildFile;
			fileRef = 546F62D79E50A2B48058D6B3;
		};
		713097EBB761C7E4256798A8 = {
			isa = PBXBuildFile;
			fileRef = 20036EC3DE518ED2273DB862;
		};
		80EC8A7DBF43936489D9C730 = {
			isa = PBXBuildFile;
			fileRef = FC24345AAFA3C6F55969BECD;
		};
		E3F885C79592755AB882BC00 = {
			isa = PBXBuildFile;
			fileRef = 6A0B121E19DBD69955053853;
		};
		7BB7B1BBD8F0563C849381A0 = {
			isa = PBXBuildFile;
			fileRef = 3787526E6B2E9C8DB1C7E1CD;
		};
		857EF5D15ABC24A7E6F2C5CE = {
			isa = PBXBuildFile;
			fileRef = 3291A7A2AA2D53AEFAF8C3A1;
		};
		55EF64B925B41638B289FC1A = {
			isa = PBXBuildFile;
			fileRef = 4865A56AB0F81676A87AF2AB;
		};
		8128C40E97CDEAFCC3008DC1 = {
			isa = PBXBuildFile;
			fileRef = F2ADAAB142F8B4B9CFE2073D;
		};
		75CC8EA159C6C6F9777E1869 = {
			isa = PBXBuildFile;
			fileRef = E2B1F235C95C677D36C832F8;
		};
		C64141FAE4B3701E9A40887F = {
			isa = PBXBuildFile;
			fileRef = 1C633310B07E9A03BAFE03F7;
		};
		FFFBC8D0187CB24CAC77A72B = {
			isa = PBXBuildFile;
			fileRef = BDF33B3B0395BBE0613B4289;
		};
		25EE58CB15BD4690944C63E5 = {
			isa = PBXBuildFile;
			fileRef = D4FE52D759F2382DFC556FE3;
		};
		9A1A06013820FEA2103376A2 = {
			isa = PBXBuildFile;
			fileRef = 6BB1AAFB180E1102084476AE;
		};
		3E3EE7407E7120276069501F = {
			isa = PBXBuildFile;
			fileRef = D63AD800CB0EF70DF2BE206B;
		};
		2ABB04F42B0CCC9373A75066 = {
			isa = PBXBuildFile;
			fileRef = 29AC1347E3742D21A323E449;
		};
		89DA28481C0CE1BD6E33415A = {
			isa = PBXBuildFile;
			fileRef = C569B77A819A51A2261A5AB8;
		};
		28F9474D41B775290F5C33A9 = {
			isa = PBXBuildFile;
			fileRef = 802E4CF246E0A877F0CBD9BA;
		};
		5ED2B8840D6617F77DFD2693 = {
			isa = PBXBuildFile;
			fileRef = 712EC21705A7D9A65C6E43A6;
		};
		13EC971F5FEC309D34B38D93 = {
			isa = PBXBuildFile;
			fileRef = 02856F63E06368F259DDCD83;
		};
		51FEF07FB1F82BE8F048FB1D = {
			isa = PBXBuildFile;
			fileRef = CE8E1D02CDE4322EB51D5BF9;
		};
		58BD62D072BC3AEAE4E5A582 = {
			isa = PBXBuildFile;
			fileRef = FDB72C9FA939508AC94DA754;
		};
		A074B1BD368D060BFE53794B = {
			isa = PBXBuildFile;
			fileRef = 4F19390777919201325C588C;
		};
		02856F63E06368F259DDCD83 = {
			isa = PBXFileReference;
			lastKnownFileType = sourcecode.cpp.objcpp;
			name = "include_juce_events.mm";
			path = "../../JuceLibraryCode/include_juce_events.mm";
			sourceTree = "SOURCE_ROOT";
		};
		11B3B90871CAC3C9C7E57E2F = {
			isa = PBXFileReference;
			lastKnownFileType = file;
			name = "juce_audio_utils";
			path = "/Users/mdn/Desktop/JUCE/modules/juce_audio_utils";
			sourceTree = "<absolute>";
		};
		1329A5813EFDC78294585B78 = {
			isa = PBXFileReference;
			lastKnownFileType = file;
			name = "juce_audio_processors";
			path = "/Users/mdn/Desktop/JUCE/modules/juce_audio_processors";
			sourceTree = "<absolute>";
		};
		15EFCEEFAC556528D2564084 = {
			isa = PBXFileReference;
			lastKnownFileType = file;
			name = "juce_audio_basics";
			path = "/Users/mdn/Desktop/JUCE/modules/juce_audio_basics";
			sourceTree = "<absolute>";
		};
		1C633310B07E9A03BAFE03F7 = {
			isa = PBXFileReference;
			lastKnownFileType = sourcecode.cpp.objcpp;
			name = "include_juce_audio_plugin_client_AU_2.mm";
			path = "../../JuceLibraryCode/include_juce_audio_plugin_client_AU_2.mm";
			sourceTree = "SOURCE_ROOT";
		};
		20036EC3DE518ED2273DB862 = {
			isa = PBXFileReference;
			lastKnownFileType = file.nib;
			name = RecentFilesMenuTemplate.nib;
			path = RecentFilesMenuTemplate.nib;
			sourceTree = "SOURCE_ROOT";
		};
		230477126EAB8A3C65CEB93A = {
			isa = PBXFileReference;
			lastKnownFileType = sourcecode.c.h;
			name = AppConfig.h;
			path = ../../JuceLibraryCode/AppConfig.h;
			sourceTree = "SOURCE_ROOT";
		};
		29AC1347E3742D21A323E449 = {
			isa = PBXFileReference;
			lastKnownFileType = sourcecode.cpp.objcpp;
			name = "include_juce_audio_processors.mm";
			path = "../../JuceLibraryCode/include_juce_audio_processors.mm";
			sourceTree = "SOURCE_ROOT";
		};
		2B39BCBB91F3003082044CD6 = {
			isa = PBXFileReference;
			lastKnownFileType = file;
			name = "juce_gui_basics";
			path = "/Users/mdn/Desktop/JUCE/modules/juce_gui_basics";
			sourceTree = "<absolute>";
		};
		3291A7A2AA2D53AEFAF8C3A1 = {
			isa = PBXFileReference;
			lastKnownFileType = sourcecode.cpp.objcpp;
			name = "include_juce_audio_devices.mm";
			path = "../../JuceLibraryCode/include_juce_audio_devices.mm";
			sourceTree = "SOURCE_ROOT";
		};
		3787526E6B2E9C8DB1C7E1CD = {
			isa = PBXFileReference;
			lastKnownFileType = sourcecode.cpp.objcpp;
			name = "include_juce_audio_basics.mm";
			path = "../../JuceLibraryCode/include_juce_audio_basics.mm";
			sourceTree = "SOURCE_ROOT";
		};
		421D45836B49943F3C3AD2A1 = {
			isa = PBXFileReference;
			lastKnownFileType = sourcecode.c.h;
			name = PluginEditor.h;
			path = ../../Source/PluginEditor.h;
			sourceTree = "SOURCE_ROOT";
		};
		443A468EC331951AFEF7ECAD = {
			isa = PBXFileReference;
			lastKnownFileType = wrapper.framework;
			name = AudioUnit.framework;
			path = System/Library/Frameworks/AudioUnit.framework;
			sourceTree = SDKROOT;
		};
		4578F0186201F0B4268AC0CB = {
			isa = PBXFileReference;
			explicitFileType = wrapper.cfbundle;
			includeInIndex = 0;
			path = pluginTemplate.vst3;
			sourceTree = "BUILT_PRODUCTS_DIR";
		};
		4865A56AB0F81676A87AF2AB = {
			isa = PBXFileReference;
			lastKnownFileType = sourcecode.cpp.objcpp;
			name = "include_juce_audio_formats.mm";
			path = "../../JuceLibraryCode/include_juce_audio_formats.mm";
			sourceTree = "SOURCE_ROOT";
		};
		4F19390777919201325C588C = {
			isa = PBXFileReference;
			lastKnownFileType = sourcecode.cpp.objcpp;
			name = "include_juce_gui_extra.mm";
			path = "../../JuceLibraryCode/include_juce_gui_extra.mm";
			sourceTree = "SOURCE_ROOT";
		};
		546F62D79E50A2B48058D6B3 = {
			isa = PBXFileReference;
			lastKnownFileType = wrapper.framework;
			name = WebKit.framework;
			path = System/Library/Frameworks/WebKit.framework;
			sourceTree = SDKROOT;
		};
		5C08EDE789DF89FE85BC9356 = {
			isa = PBXFileReference;
			lastKnownFileType = file;
			name = "juce_audio_devices";
			path = "/Users/mdn/Desktop/JUCE/modules/juce_audio_devices";
			sourceTree = "<absolute>";
		};
		5D914D6EE605DE3170D64907 = {
			isa = PBXFileReference;
			lastKnownFileType = file;
			name = "juce_data_structures";
			path = "/Users/mdn/Desktop/JUCE/modules/juce_data_structures";
			sourceTree = "<absolute>";
		};
		63B604F10EAB8700230AB1F8 = {
			isa = PBXFileReference;
			lastKnownFileType = wrapper.framework;
			name = Cocoa.framework;
			path = System/Library/Frameworks/Cocoa.framework;
			sourceTree = SDKROOT;
		};
		6A0B121E19DBD69955053853 = {
			isa = PBXFileReference;
			lastKnownFileType = sourcecode.cpp.cpp;
			name = PluginEditor.cpp;
			path = ../../Source/PluginEditor.cpp;
			sourceTree = "SOURCE_ROOT";
		};
		6BB1AAFB180E1102084476AE = {
			isa = PBXFileReference;
			lastKnownFileType = sourcecode.cpp.objcpp;
			name = "include_juce_audio_plugin_client_VST_utils.mm";
			path = "../../JuceLibraryCode/include_juce_audio_plugin_client_VST_utils.mm";
			sourceTree = "SOURCE_ROOT";
		};
		6FDE508A425C779578D1E7FA = {
			isa = PBXFileReference;
			lastKnownFileType = wrapper.framework;
			name = DiscRecording.framework;
			path = System/Library/Frameworks/DiscRecording.framework;
			sourceTree = SDKROOT;
		};
		712EC21705A7D9A65C6E43A6 = {
			isa = PBXFileReference;
			lastKnownFileType = sourcecode.cpp.objcpp;
			name = "include_juce_data_structures.mm";
			path = "../../JuceLibraryCode/include_juce_data_structures.mm";
			sourceTree = "SOURCE_ROOT";
		};
		75B78CAB848EF34DF2E7982A = {
			isa = PBXFileReference;
			lastKnownFileType = wrapper.framework;
			name = CoreMIDI.framework;
			path = System/Library/Frameworks/CoreMIDI.framework;
			sourceTree = SDKROOT;
		};
		7E87280556AE23D47482A7CC = {
			isa = PBXFileReference;
			explicitFileType = wrapper.cfbundle;
			includeInIndex = 0;
			path = pluginTemplate.component;
			sourceTree = "BUILT_PRODUCTS_DIR";
		};
		802E4CF246E0A877F0CBD9BA = {
			isa = PBXFileReference;
			lastKnownFileType = sourcecode.cpp.objcpp;
			name = "include_juce_core.mm";
			path = "../../JuceLibraryCode/include_juce_core.mm";
			sourceTree = "SOURCE_ROOT";
		};
		84DE5DD2AE8CE2A1C38F713E = {
			isa = PBXFileReference;
			lastKnownFileType = wrapper.framework;
			name = QuartzCore.framework;
			path = System/Library/Frameworks/QuartzCore.framework;
			sourceTree = SDKROOT;
		};
		8912D6E1665E5B9DAB23EB7D = {
			isa = PBXFileReference;
			lastKnownFileType = wrapper.framework;
			name = IOKit.framework;
			path = System/Library/Frameworks/IOKit.framework;
			sourceTree = SDKROOT;
		};
		89B5CC691FF6B55C1F0FCB4C = {
			isa = PBXFileReference;
			lastKnownFileType = wrapper.framework;
			name = CoreAudio.framework;
			path = System/Library/Frameworks/CoreAudio.framework;
			sourceTree = SDKROOT;
		};
		8A8C1EA4934C14EA3F0671F7 = {
			isa = PBXFileReference;
			lastKnownFileType = wrapper.framework;
			name = Carbon.framework;
			path = System/Library/Frameworks/Carbon.framework;
			sourceTree = SDKROOT;
		};
		96F98A018B566BA61E1031D2 = {
			isa = PBXFileReference;
			lastKnownFileType = wrapper.framework;
			name = Accelerate.framework;
			path = System/Library/Frameworks/Accelerate.framework;
			sourceTree = SDKROOT;
		};
		998A29C942272C3A6C9F2769 = {
			isa = PBXFileReference;
			lastKnownFileType = file;
			name = "juce_audio_plugin_client";
			path = "/Users/mdn/Desktop/JUCE/modules/juce_audio_plugin_client";
			sourceTree = "<absolute>";
		};
		9A91D2F4CA239FB881C773B1 = {
			isa = PBXFileReference;
			lastKnownFileType = sourcecode.c.h;
			name = PluginProcessor.h;
			path = ../../Source/PluginProcessor.h;
			sourceTree = "SOURCE_ROOT";
		};
		9C9108058208EDCA9466C7E4 = {
			isa = PBXFileReference;
			explicitFileType = wrapper.application;
			includeInIndex = 0;
			path = pluginTemplate.app;
			sourceTree = "BUILT_PRODUCTS_DIR";
		};
		A57E86D1CD9DA90D0E728208 = {
			isa = PBXFileReference;
			lastKnownFileType = text.plist.xml;
			name = "Info-VST3.plist";
			path = "Info-VST3.plist";
			sourceTree = "SOURCE_ROOT";
		};
		B0996B456A135882006F71AE = {
			isa = PBXFileReference;
			lastKnownFileType = text.plist.xml;
			name = "Info-Standalone_Plugin.plist";
			path = "Info-Standalone_Plugin.plist";
			sourceTree = "SOURCE_ROOT";
		};
		BAF8FBC386A771958EE9EBFC = {
			isa = PBXFileReference;
			lastKnownFileType = wrapper.framework;
			name = CoreAudioKit.framework;
			path = System/Library/Frameworks/CoreAudioKit.framework;
			sourceTree = SDKROOT;
		};
		BDF33B3B0395BBE0613B4289 = {
			isa = PBXFileReference;
			lastKnownFileType = sourcecode.cpp.cpp;
			name = "include_juce_audio_plugin_client_Standalone.cpp";
			path = "../../JuceLibraryCode/include_juce_audio_plugin_client_Standalone.cpp";
			sourceTree = "SOURCE_ROOT";
		};
		BF462CB4F7CCA9A10A2E7237 = {
			isa = PBXFileReference;
			lastKnownFileType = sourcecode.c.h;
			name = JuceHeader.h;
			path = ../../JuceLibraryCode/JuceHeader.h;
			sourceTree = "SOURCE_ROOT";
		};
		C0E633C0F89DE48AE1038E78 = {
			isa = PBXFileReference;
			lastKnownFileType = file;
			name = "juce_events";
			path = "/Users/mdn/Desktop/JUCE/modules/juce_events";
			sourceTree = "<absolute>";
		};
		C2158998FA3CD61AB6365607 = {
			isa = PBXFileReference;
			lastKnownFileType = file;
			name = "juce_graphics";
			path = "/Users/mdn/Desktop/JUCE/modules/juce_graphics";
			sourceTree = "<absolute>";
		};
		C29B008E3F19CACCACC0DE73 = {
			isa = PBXFileReference;
			lastKnownFileType = sourcecode.c.h;
			name = JucePluginDefines.h;
			path = ../../JuceLibraryCode/JucePluginDefines.h;
			sourceTree = "SOURCE_ROOT";
		};
		C569B77A819A51A2261A5AB8 = {
			isa = PBXFileReference;
			lastKnownFileType = sourcecode.cpp.objcpp;
			name = "include_juce_audio_utils.mm";
			path = "../../JuceLibraryCode/include_juce_audio_utils.mm";
			sourceTree = "SOURCE_ROOT";
		};
		C7E5122EAF52ABA81E09D719 = {
			isa = PBXFileReference;
			lastKnownFileType = text.plist.xml;
			name = "Info-AU.plist";
			path = "Info-AU.plist";
			sourceTree = "SOURCE_ROOT";
		};
		C9685D65CAF5B1233393A22D = {
			isa = PBXFileReference;
			explicitFileType = archive.ar;
			includeInIndex = 0;
			path = libpluginTemplate.a;
			sourceTree = "BUILT_PRODUCTS_DIR";
		};
		CE222C196137BD7675D7CC42 = {
			isa = PBXFileReference;
			lastKnownFileType = file;
			name = "juce_gui_extra";
			path = "/Users/mdn/Desktop/JUCE/modules/juce_gui_extra";
			sourceTree = "<absolute>";
		};
		CE8E1D02CDE4322EB51D5BF9 = {
			isa = PBXFileReference;
			lastKnownFileType = sourcecode.cpp.objcpp;
			name = "include_juce_graphics.mm";
			path = "../../JuceLibraryCode/include_juce_graphics.mm";
			sourceTree = "SOURCE_ROOT";
		};
		D4FE52D759F2382DFC556FE3 = {
			isa = PBXFileReference;
			lastKnownFileType = sourcecode.cpp.cpp;
			name = "include_juce_audio_plugin_client_utils.cpp";
			path = "../../JuceLibraryCode/include_juce_audio_plugin_client_utils.cpp";
			sourceTree = "SOURCE_ROOT";
		};
		D63AD800CB0EF70DF2BE206B = {
			isa = PBXFileReference;
			lastKnownFileType = sourcecode.cpp.cpp;
			name = "include_juce_audio_plugin_client_VST3.cpp";
			path = "../../JuceLibraryCode/include_juce_audio_plugin_client_VST3.cpp";
			sourceTree = "SOURCE_ROOT";
		};
		E2B1F235C95C677D36C832F8 = {
			isa = PBXFileReference;
			lastKnownFileType = sourcecode.cpp.objcpp;
			name = "include_juce_audio_plugin_client_AU_1.mm";
			path = "../../JuceLibraryCode/include_juce_audio_plugin_client_AU_1.mm";
			sourceTree = "SOURCE_ROOT";
		};
		E2B9775B0E9032F1A25A7E7D = {
			isa = PBXFileReference;
			lastKnownFileType = file;
			name = "juce_audio_formats";
			path = "/Users/mdn/Desktop/JUCE/modules/juce_audio_formats";
			sourceTree = "<absolute>";
		};
		F2ADAAB142F8B4B9CFE2073D = {
			isa = PBXFileReference;
			lastKnownFileType = file.r;
			name = "include_juce_audio_plugin_client_AU.r";
			path = "../../JuceLibraryCode/include_juce_audio_plugin_client_AU.r";
			sourceTree = "SOURCE_ROOT";
		};
		F7B8C4C65B675AC9BFB37C65 = {
			isa = PBXFileReference;
			lastKnownFileType = file;
			name = "juce_core";
			path = "/Users/mdn/Desktop/JUCE/modules/juce_core";
			sourceTree = "<absolute>";
		};
		FC24345AAFA3C6F55969BECD = {
			isa = PBXFileReference;
			lastKnownFileType = sourcecode.cpp.cpp;
			name = PluginProcessor.cpp;
			path = ../../Source/PluginProcessor.cpp;
			sourceTree = "SOURCE_ROOT";
		};
		FC8B2631ADB03A9876B5ACE8 = {
			isa = PBXFileReference;
			lastKnownFileType = wrapper.framework;
			name = AudioToolbox.framework;
			path = System/Library/Frameworks/AudioToolbox.framework;
			sourceTree = SDKROOT;
		};
		FDB72C9FA939508AC94DA754 = {
			isa = PBXFileReference;
			lastKnownFileType = sourcecode.cpp.objcpp;
			name = "include_juce_gui_basics.mm";
			path = "../../JuceLibraryCode/include_juce_gui_basics.mm";
			sourceTree = "SOURCE_ROOT";
		};
		02D9D226A6774077CF9F2A10 = {
			isa = PBXGroup;
			children = (
				FC24345AAFA3C6F55969BECD,
				9A91D2F4CA239FB881C773B1,
				6A0B121E19DBD69955053853,
				421D45836B49943F3C3AD2A1,
			);
			name = Source;
			sourceTree = "<group>";
		};
		565C33C1EDAD27FFCCB6A689 = {
			isa = PBXGroup;
			children = (
				02D9D226A6774077CF9F2A10,
			);
			name = pluginTemplate;
			sourceTree = "<group>";
		};
		EFB005CEBF3C2373AC79F569 = {
			isa = PBXGroup;
			children = (
				15EFCEEFAC556528D2564084,
				5C08EDE789DF89FE85BC9356,
				E2B9775B0E9032F1A25A7E7D,
				998A29C942272C3A6C9F2769,
				1329A5813EFDC78294585B78,
				11B3B90871CAC3C9C7E57E2F,
				F7B8C4C65B675AC9BFB37C65,
				5D914D6EE605DE3170D64907,
				C0E633C0F89DE48AE1038E78,
				C2158998FA3CD61AB6365607,
				2B39BCBB91F3003082044CD6,
				CE222C196137BD7675D7CC42,
			);
			name = "JUCE Modules";
			sourceTree = "<group>";
		};
		03BEF0D0EC122FCEF5973ECF = {
			isa = PBXGroup;
			children = (
				230477126EAB8A3C65CEB93A,
				3787526E6B2E9C8DB1C7E1CD,
				3291A7A2AA2D53AEFAF8C3A1,
				4865A56AB0F81676A87AF2AB,
				F2ADAAB142F8B4B9CFE2073D,
				E2B1F235C95C677D36C832F8,
				1C633310B07E9A03BAFE03F7,
				BDF33B3B0395BBE0613B4289,
				D4FE52D759F2382DFC556FE3,
				6BB1AAFB180E1102084476AE,
				D63AD800CB0EF70DF2BE206B,
				29AC1347E3742D21A323E449,
				C569B77A819A51A2261A5AB8,
				802E4CF246E0A877F0CBD9BA,
				712EC21705A7D9A65C6E43A6,
				02856F63E06368F259DDCD83,
				CE8E1D02CDE4322EB51D5BF9,
				FDB72C9FA939508AC94DA754,
				4F19390777919201325C588C,
				BF462CB4F7CCA9A10A2E7237,
				C29B008E3F19CACCACC0DE73,
			);
			name = "JUCE Library Code";
			sourceTree = "<group>";
		};
		9ACD7C0CFCC2AD0EA615E80F = {
			isa = PBXGroup;
			children = (
				A57E86D1CD9DA90D0E728208,
				C7E5122EAF52ABA81E09D719,
				B0996B456A135882006F71AE,
				20036EC3DE518ED2273DB862,
			);
			name = Resources;
			sourceTree = "<group>";
		};
		28A7179EE893062BED9E11D2 = {
			isa = PBXGroup;
			children = (
				443A468EC331951AFEF7ECAD,
				96F98A018B566BA61E1031D2,
				FC8B2631ADB03A9876B5ACE8,
				8A8C1EA4934C14EA3F0671F7,
				63B604F10EAB8700230AB1F8,
				89B5CC691FF6B55C1F0FCB4C,
				BAF8FBC386A771958EE9EBFC,
				75B78CAB848EF34DF2E7982A,
				6FDE508A425C779578D1E7FA,
				8912D6E1665E5B9DAB23EB7D,
				84DE5DD2AE8CE2A1C38F713E,
				546F62D79E50A2B48058D6B3,
			);
			name = Frameworks;
			sourceTree = "<group>";
		};
		051DB941F1902B78AC5C6240 = {
			isa = PBXGroup;
			children = (
				4578F0186201F0B4268AC0CB,
				7E87280556AE23D47482A7CC,
				9C9108058208EDCA9466C7E4,
				C9685D65CAF5B1233393A22D,
			);
			name = Products;
			sourceTree = "<group>";
		};
		B5692C10DBE2D1D03A6AEB71 = {
			isa = PBXGroup;
			children = (
				565C33C1EDAD27FFCCB6A689,
				EFB005CEBF3C2373AC79F569,
				03BEF0D0EC122FCEF5973ECF,
				9ACD7C0CFCC2AD0EA615E80F,
				28A7179EE893062BED9E11D2,
				051DB941F1902B78AC5C6240,
			);
			name = Source;
			sourceTree = "<group>";
		};
		55F73EA3B3396BB09E0DD646 = {
			isa = PBXTargetDependency;
			target = 94BCF32225710BD97C4950D9;
		};
		A1C823F379E54D7B13D92131 = {
			isa = PBXTargetDependency;
			target = 72B2C16D2EB07021EFA0C9FD;
		};
		E16C58315A698C09838D3FCC = {
			isa = PBXTargetDependency;
			target = 41CF05C5A785059AF00193E3;
		};
		61C8C9BC8C07AA1356800137 = {
			isa = PBXTargetDependency;
			target = 2EC63D2F0B0E8B1922607613;
		};
		402EAABEC53ED96C9F44D978 = {
			isa = PBXTargetDependency;
			target = 2EC63D2F0B0E8B1922607613;
		};
		34C04ED96B81EACCF3FA4649 = {
			isa = PBXTargetDependency;
			target = 2EC63D2F0B0E8B1922607613;
		};
		5A11C89B52D08F7DA4469098 = {
			isa = PBXTargetDependency;
			target = 2EC63D2F0B0E8B1922607613;
		};
		517EC1C0166848BEFDCD3E5E = {
			isa = XCBuildConfiguration;
			buildSettings = {
				MACOSX_DEPLOYMENT_TARGET = 10.11;
				SDKROOT = macosx;
			};
			name = Debug;
		};
		E9254E8D4C3C9773F4D5B187 = {
			isa = XCBuildConfiguration;
			buildSettings = {
				MACOSX_DEPLOYMENT_TARGET = 10.11;
				SDKROOT = macosx;
			};
			name = Release;
		};
		4B397327C2C4D09049A14C91 = {
			isa = XCBuildConfiguration;
			buildSettings = {
				CLANG_CXX_LANGUAGE_STANDARD = "c++14";
				CLANG_CXX_LIBRARY = "libc++";
				CLANG_LINK_OBJC_RUNTIME = NO;
				CODE_SIGN_IDENTITY = "";
				COMBINE_HIDPI_IMAGES = YES;
				CONFIGURATION_BUILD_DIR = "$(PROJECT_DIR)/build/$(CONFIGURATION)";
				COPY_PHASE_STRIP = NO;
				DEPLOYMENT_LOCATION = YES;
				DSTROOT = /;
				GCC_DYNAMIC_NO_PIC = NO;
				GCC_OPTIMIZATION_LEVEL = 0;
				GCC_PREPROCESSOR_DEFINITIONS = (
					"_DEBUG=1",
					"DEBUG=1",
					"JUCER_XCODE_MAC_F6D2F4CF=1",
					"JUCE_APP_VERSION=1.0.0",
					"JUCE_APP_VERSION_HEX=0x10000",
					"JucePlugin_Build_VST=0",
					"JucePlugin_Build_VST3=1",
					"JucePlugin_Build_AU=0",
					"JucePlugin_Build_AUv3=0",
					"JucePlugin_Build_RTAS=0",
					"JucePlugin_Build_AAX=0",
					"JucePlugin_Build_Standalone=0",
					"JucePlugin_Build_Unity=0",
				);
				GCC_VERSION = com.apple.compilers.llvm.clang.1_0;
				GENERATE_PKGINFO_FILE = YES;
				HEADER_SEARCH_PATHS = (
					"/Users/mdn/Desktop/JUCE/modules/juce_audio_processors/format_types/VST3_SDK",
					"../../JuceLibraryCode",
					"/Users/mdn/Desktop/JUCE/modules",
					"/Users/mdn/Desktop/JUCE/modules/juce_audio_plugin_client",
					"$(inherited)",
				);
				INFOPLIST_FILE = Info-VST3.plist;
				INFOPLIST_PREPROCESS = NO;
				INSTALL_PATH = "$(HOME)/Library/Audio/Plug-Ins/VST3/";
				LIBRARY_STYLE = Bundle;
				MACOSX_DEPLOYMENT_TARGET = 10.11;
				MTL_HEADER_SEARCH_PATHS = (
					"/Users/mdn/Desktop/JUCE/modules/juce_audio_processors/format_types/VST3_SDK",
					"../../JuceLibraryCode",
					"/Users/mdn/Desktop/JUCE/modules",
					"/Users/mdn/Desktop/JUCE/modules/juce_audio_plugin_client",
				);
				OTHER_LDFLAGS = "-bundle -lpluginTemplate";
				PRODUCT_BUNDLE_IDENTIFIER = com.yourcompany.pluginTemplate;
				PRODUCT_NAME = "pluginTemplate";
				USE_HEADERMAP = NO;
				VALID_ARCHS = "i386 x86_64 arm64 arm64e";
				WRAPPER_EXTENSION = vst3;
			};
			name = Debug;
		};
		6926AAF2B473FAFE45DF019F = {
			isa = XCBuildConfiguration;
			buildSettings = {
				CLANG_CXX_LANGUAGE_STANDARD = "c++14";
				CLANG_CXX_LIBRARY = "libc++";
				CLANG_LINK_OBJC_RUNTIME = NO;
				CODE_SIGN_IDENTITY = "";
				COMBINE_HIDPI_IMAGES = YES;
				CONFIGURATION_BUILD_DIR = "$(PROJECT_DIR)/build/$(CONFIGURATION)";
				DEAD_CODE_STRIPPING = YES;
				DEPLOYMENT_LOCATION = YES;
				DSTROOT = /;
				GCC_GENERATE_DEBUGGING_SYMBOLS = NO;
				GCC_OPTIMIZATION_LEVEL = 3;
				GCC_PREPROCESSOR_DEFINITIONS = (
					"_NDEBUG=1",
					"NDEBUG=1",
					"JUCER_XCODE_MAC_F6D2F4CF=1",
					"JUCE_APP_VERSION=1.0.0",
					"JUCE_APP_VERSION_HEX=0x10000",
					"JucePlugin_Build_VST=0",
					"JucePlugin_Build_VST3=1",
					"JucePlugin_Build_AU=0",
					"JucePlugin_Build_AUv3=0",
					"JucePlugin_Build_RTAS=0",
					"JucePlugin_Build_AAX=0",
					"JucePlugin_Build_Standalone=0",
					"JucePlugin_Build_Unity=0",
				);
				GCC_VERSION = com.apple.compilers.llvm.clang.1_0;
				GENERATE_PKGINFO_FILE = YES;
				HEADER_SEARCH_PATHS = (
					"/Users/mdn/Desktop/JUCE/modules/juce_audio_processors/format_types/VST3_SDK",
					"../../JuceLibraryCode",
					"/Users/mdn/Desktop/JUCE/modules",
					"/Users/mdn/Desktop/JUCE/modules/juce_audio_plugin_client",
					"$(inherited)",
				);
				INFOPLIST_FILE = Info-VST3.plist;
				INFOPLIST_PREPROCESS = NO;
				INSTALL_PATH = "$(HOME)/Library/Audio/Plug-Ins/VST3/";
				LIBRARY_STYLE = Bundle;
				LLVM_LTO = YES;
				MACOSX_DEPLOYMENT_TARGET = 10.11;
				MTL_HEADER_SEARCH_PATHS = (
					"/Users/mdn/Desktop/JUCE/modules/juce_audio_processors/format_types/VST3_SDK",
					"../../JuceLibraryCode",
					"/Users/mdn/Desktop/JUCE/modules",
					"/Users/mdn/Desktop/JUCE/modules/juce_audio_plugin_client",
				);
				OTHER_LDFLAGS = "-bundle -lpluginTemplate";
				PRODUCT_BUNDLE_IDENTIFIER = com.yourcompany.pluginTemplate;
				PRODUCT_NAME = "pluginTemplate";
				USE_HEADERMAP = NO;
				VALID_ARCHS = "i386 x86_64 arm64 arm64e";
				WRAPPER_EXTENSION = vst3;
			};
			name = Release;
		};
		92C0E38C1063CB20B0A592AB = {
			isa = XCBuildConfiguration;
			buildSettings = {
				CLANG_CXX_LANGUAGE_STANDARD = "c++14";
				CLANG_CXX_LIBRARY = "libc++";
				CLANG_LINK_OBJC_RUNTIME = NO;
				CODE_SIGN_IDENTITY = "";
				COMBINE_HIDPI_IMAGES = YES;
				CONFIGURATION_BUILD_DIR = "$(PROJECT_DIR)/build/$(CONFIGURATION)";
				COPY_PHASE_STRIP = NO;
				DEPLOYMENT_LOCATION = YES;
				DSTROOT = /;
				GCC_DYNAMIC_NO_PIC = NO;
				GCC_OPTIMIZATION_LEVEL = 0;
				GCC_PREPROCESSOR_DEFINITIONS = (
					"_DEBUG=1",
					"DEBUG=1",
					"JUCER_XCODE_MAC_F6D2F4CF=1",
					"JUCE_APP_VERSION=1.0.0",
					"JUCE_APP_VERSION_HEX=0x10000",
					"JucePlugin_Build_VST=0",
					"JucePlugin_Build_VST3=0",
					"JucePlugin_Build_AU=1",
					"JucePlugin_Build_AUv3=0",
					"JucePlugin_Build_RTAS=0",
					"JucePlugin_Build_AAX=0",
					"JucePlugin_Build_Standalone=0",
					"JucePlugin_Build_Unity=0",
				);
				GCC_VERSION = com.apple.compilers.llvm.clang.1_0;
				GENERATE_PKGINFO_FILE = YES;
				HEADER_SEARCH_PATHS = (
					"/Users/mdn/Desktop/JUCE/modules/juce_audio_processors/format_types/VST3_SDK",
					"../../JuceLibraryCode",
					"/Users/mdn/Desktop/JUCE/modules",
					"/Users/mdn/Desktop/JUCE/modules/juce_audio_plugin_client",
					"$(inherited)",
				);
				INFOPLIST_FILE = Info-AU.plist;
				INFOPLIST_PREPROCESS = NO;
				INSTALL_PATH = "$(HOME)/Library/Audio/Plug-Ins/Components/";
				LIBRARY_STYLE = Bundle;
				MACOSX_DEPLOYMENT_TARGET = 10.11;
				MTL_HEADER_SEARCH_PATHS = (
					"/Users/mdn/Desktop/JUCE/modules/juce_audio_processors/format_types/VST3_SDK",
					"../../JuceLibraryCode",
					"/Users/mdn/Desktop/JUCE/modules",
					"/Users/mdn/Desktop/JUCE/modules/juce_audio_plugin_client",
				);
				OTHER_LDFLAGS = "-bundle -lpluginTemplate";
				OTHER_REZFLAGS = "-d ppc_$ppc -d i386_$i386 -d ppc64_$ppc64 -d x86_64_$x86_64 -I /System/Library/Frameworks/CoreServices.framework/Frameworks/CarbonCore.framework/Versions/A/Headers -I \"$(DEVELOPER_DIR)/Extras/CoreAudio/AudioUnits/AUPublic/AUBase\" -I \"$(DEVELOPER_DIR)/Platforms/MacOSX.platform/Developer/SDKs/MacOSX.sdk/System/Library/Frameworks/AudioUnit.framework/Headers\"";
				PRODUCT_BUNDLE_IDENTIFIER = com.yourcompany.pluginTemplate;
				PRODUCT_NAME = "pluginTemplate";
				USE_HEADERMAP = NO;
				VALID_ARCHS = "i386 x86_64 arm64 arm64e";
				WRAPPER_EXTENSION = component;
			};
			name = Debug;
		};
		760CDE8EE3E3126D0CCFD1FC = {
			isa = XCBuildConfiguration;
			buildSettings = {
				CLANG_CXX_LANGUAGE_STANDARD = "c++14";
				CLANG_CXX_LIBRARY = "libc++";
				CLANG_LINK_OBJC_RUNTIME = NO;
				CODE_SIGN_IDENTITY = "";
				COMBINE_HIDPI_IMAGES = YES;
				CONFIGURATION_BUILD_DIR = "$(PROJECT_DIR)/build/$(CONFIGURATION)";
				DEAD_CODE_STRIPPING = YES;
				DEPLOYMENT_LOCATION = YES;
				DSTROOT = /;
				GCC_GENERATE_DEBUGGING_SYMBOLS = NO;
				GCC_OPTIMIZATION_LEVEL = 3;
				GCC_PREPROCESSOR_DEFINITIONS = (
					"_NDEBUG=1",
					"NDEBUG=1",
					"JUCER_XCODE_MAC_F6D2F4CF=1",
					"JUCE_APP_VERSION=1.0.0",
					"JUCE_APP_VERSION_HEX=0x10000",
					"JucePlugin_Build_VST=0",
					"JucePlugin_Build_VST3=0",
					"JucePlugin_Build_AU=1",
					"JucePlugin_Build_AUv3=0",
					"JucePlugin_Build_RTAS=0",
					"JucePlugin_Build_AAX=0",
					"JucePlugin_Build_Standalone=0",
					"JucePlugin_Build_Unity=0",
				);
				GCC_VERSION = com.apple.compilers.llvm.clang.1_0;
				GENERATE_PKGINFO_FILE = YES;
				HEADER_SEARCH_PATHS = (
					"/Users/mdn/Desktop/JUCE/modules/juce_audio_processors/format_types/VST3_SDK",
					"../../JuceLibraryCode",
					"/Users/mdn/Desktop/JUCE/modules",
					"/Users/mdn/Desktop/JUCE/modules/juce_audio_plugin_client",
					"$(inherited)",
				);
				INFOPLIST_FILE = Info-AU.plist;
				INFOPLIST_PREPROCESS = NO;
				INSTALL_PATH = "$(HOME)/Library/Audio/Plug-Ins/Components/";
				LIBRARY_STYLE = Bundle;
				LLVM_LTO = YES;
				MACOSX_DEPLOYMENT_TARGET = 10.11;
				MTL_HEADER_SEARCH_PATHS = (
					"/Users/mdn/Desktop/JUCE/modules/juce_audio_processors/format_types/VST3_SDK",
					"../../JuceLibraryCode",
					"/Users/mdn/Desktop/JUCE/modules",
					"/Users/mdn/Desktop/JUCE/modules/juce_audio_plugin_client",
				);
				OTHER_LDFLAGS = "-bundle -lpluginTemplate";
				OTHER_REZFLAGS = "-d ppc_$ppc -d i386_$i386 -d ppc64_$ppc64 -d x86_64_$x86_64 -I /System/Library/Frameworks/CoreServices.framework/Frameworks/CarbonCore.framework/Versions/A/Headers -I \"$(DEVELOPER_DIR)/Extras/CoreAudio/AudioUnits/AUPublic/AUBase\" -I \"$(DEVELOPER_DIR)/Platforms/MacOSX.platform/Developer/SDKs/MacOSX.sdk/System/Library/Frameworks/AudioUnit.framework/Headers\"";
				PRODUCT_BUNDLE_IDENTIFIER = com.yourcompany.pluginTemplate;
				PRODUCT_NAME = "pluginTemplate";
				USE_HEADERMAP = NO;
				VALID_ARCHS = "i386 x86_64 arm64 arm64e";
				WRAPPER_EXTENSION = component;
			};
			name = Release;
		};
		FEF7A48B49729424822B7CF5 = {
			isa = XCBuildConfiguration;
			buildSettings = {
				CLANG_CXX_LANGUAGE_STANDARD = "c++14";
				CLANG_CXX_LIBRARY = "libc++";
				CLANG_LINK_OBJC_RUNTIME = NO;
				CODE_SIGN_IDENTITY = "";
				COMBINE_HIDPI_IMAGES = YES;
				CONFIGURATION_BUILD_DIR = "$(PROJECT_DIR)/build/$(CONFIGURATION)";
				COPY_PHASE_STRIP = NO;
				GCC_DYNAMIC_NO_PIC = NO;
				GCC_OPTIMIZATION_LEVEL = 0;
				GCC_PREPROCESSOR_DEFINITIONS = (
					"_DEBUG=1",
					"DEBUG=1",
					"JUCER_XCODE_MAC_F6D2F4CF=1",
					"JUCE_APP_VERSION=1.0.0",
					"JUCE_APP_VERSION_HEX=0x10000",
					"JucePlugin_Build_VST=0",
					"JucePlugin_Build_VST3=0",
					"JucePlugin_Build_AU=0",
					"JucePlugin_Build_AUv3=0",
					"JucePlugin_Build_RTAS=0",
					"JucePlugin_Build_AAX=0",
					"JucePlugin_Build_Standalone=1",
					"JucePlugin_Build_Unity=0",
				);
				GCC_VERSION = com.apple.compilers.llvm.clang.1_0;
				HEADER_SEARCH_PATHS = (
					"/Users/mdn/Desktop/JUCE/modules/juce_audio_processors/format_types/VST3_SDK",
					"../../JuceLibraryCode",
					"/Users/mdn/Desktop/JUCE/modules",
					"/Users/mdn/Desktop/JUCE/modules/juce_audio_plugin_client",
					"$(inherited)",
				);
				INFOPLIST_FILE = Info-Standalone_Plugin.plist;
				INFOPLIST_PREPROCESS = NO;
				MACOSX_DEPLOYMENT_TARGET = 10.11;
				MTL_HEADER_SEARCH_PATHS = (
					"/Users/mdn/Desktop/JUCE/modules/juce_audio_processors/format_types/VST3_SDK",
					"../../JuceLibraryCode",
					"/Users/mdn/Desktop/JUCE/modules",
					"/Users/mdn/Desktop/JUCE/modules/juce_audio_plugin_client",
				);
				OTHER_LDFLAGS = "-lpluginTemplate";
				PRODUCT_BUNDLE_IDENTIFIER = com.yourcompany.pluginTemplate;
				PRODUCT_NAME = "pluginTemplate";
				USE_HEADERMAP = NO;
				VALID_ARCHS = "i386 x86_64 arm64 arm64e";
			};
			name = Debug;
		};
		CE190563180884D563B9D7AD = {
			isa = XCBuildConfiguration;
			buildSettings = {
				CLANG_CXX_LANGUAGE_STANDARD = "c++14";
				CLANG_CXX_LIBRARY = "libc++";
				CLANG_LINK_OBJC_RUNTIME = NO;
				CODE_SIGN_IDENTITY = "";
				COMBINE_HIDPI_IMAGES = YES;
				CONFIGURATION_BUILD_DIR = "$(PROJECT_DIR)/build/$(CONFIGURATION)";
				DEAD_CODE_STRIPPING = YES;
				GCC_GENERATE_DEBUGGING_SYMBOLS = NO;
				GCC_OPTIMIZATION_LEVEL = 3;
				GCC_PREPROCESSOR_DEFINITIONS = (
					"_NDEBUG=1",
					"NDEBUG=1",
					"JUCER_XCODE_MAC_F6D2F4CF=1",
					"JUCE_APP_VERSION=1.0.0",
					"JUCE_APP_VERSION_HEX=0x10000",
					"JucePlugin_Build_VST=0",
					"JucePlugin_Build_VST3=0",
					"JucePlugin_Build_AU=0",
					"JucePlugin_Build_AUv3=0",
					"JucePlugin_Build_RTAS=0",
					"JucePlugin_Build_AAX=0",
					"JucePlugin_Build_Standalone=1",
					"JucePlugin_Build_Unity=0",
				);
				GCC_VERSION = com.apple.compilers.llvm.clang.1_0;
				HEADER_SEARCH_PATHS = (
					"/Users/mdn/Desktop/JUCE/modules/juce_audio_processors/format_types/VST3_SDK",
					"../../JuceLibraryCode",
					"/Users/mdn/Desktop/JUCE/modules",
					"/Users/mdn/Desktop/JUCE/modules/juce_audio_plugin_client",
					"$(inherited)",
				);
				INFOPLIST_FILE = Info-Standalone_Plugin.plist;
				INFOPLIST_PREPROCESS = NO;
				LLVM_LTO = YES;
				MACOSX_DEPLOYMENT_TARGET = 10.11;
				MTL_HEADER_SEARCH_PATHS = (
					"/Users/mdn/Desktop/JUCE/modules/juce_audio_processors/format_types/VST3_SDK",
					"../../JuceLibraryCode",
					"/Users/mdn/Desktop/JUCE/modules",
					"/Users/mdn/Desktop/JUCE/modules/juce_audio_plugin_client",
				);
				OTHER_LDFLAGS = "-lpluginTemplate";
				PRODUCT_BUNDLE_IDENTIFIER = com.yourcompany.pluginTemplate;
				PRODUCT_NAME = "pluginTemplate";
				USE_HEADERMAP = NO;
				VALID_ARCHS = "i386 x86_64 arm64 arm64e";
			};
			name = Release;
		};
		27B7EAF47E0E1D2963D6392E = {
			isa = XCBuildConfiguration;
			buildSettings = {
				CLANG_CXX_LANGUAGE_STANDARD = "c++14";
				CLANG_CXX_LIBRARY = "libc++";
				CLANG_LINK_OBJC_RUNTIME = NO;
				CODE_SIGN_IDENTITY = "";
				COMBINE_HIDPI_IMAGES = YES;
				CONFIGURATION_BUILD_DIR = "$(PROJECT_DIR)/build/$(CONFIGURATION)";
				COPY_PHASE_STRIP = NO;
				GCC_DYNAMIC_NO_PIC = NO;
				GCC_OPTIMIZATION_LEVEL = 0;
				GCC_PREPROCESSOR_DEFINITIONS = (
					"_DEBUG=1",
					"DEBUG=1",
					"JUCER_XCODE_MAC_F6D2F4CF=1",
					"JUCE_APP_VERSION=1.0.0",
					"JUCE_APP_VERSION_HEX=0x10000",
					"JucePlugin_Build_VST=0",
					"JucePlugin_Build_VST3=1",
					"JucePlugin_Build_AU=1",
					"JucePlugin_Build_AUv3=0",
					"JucePlugin_Build_RTAS=0",
					"JucePlugin_Build_AAX=0",
					"JucePlugin_Build_Standalone=1",
					"JucePlugin_Build_Unity=0",
					"JUCE_SHARED_CODE=1",
				);
				GCC_VERSION = com.apple.compilers.llvm.clang.1_0;
				HEADER_SEARCH_PATHS = (
					"/Users/mdn/Desktop/JUCE/modules/juce_audio_processors/format_types/VST3_SDK",
					"../../JuceLibraryCode",
					"/Users/mdn/Desktop/JUCE/modules",
					"/Users/mdn/Desktop/JUCE/modules/juce_audio_plugin_client",
					"$(inherited)",
				);
				INSTALL_PATH = "@executable_path/../Frameworks";
				MACOSX_DEPLOYMENT_TARGET = 10.11;
				MTL_HEADER_SEARCH_PATHS = (
					"/Users/mdn/Desktop/JUCE/modules/juce_audio_processors/format_types/VST3_SDK",
					"../../JuceLibraryCode",
					"/Users/mdn/Desktop/JUCE/modules",
					"/Users/mdn/Desktop/JUCE/modules/juce_audio_plugin_client",
				);
				PRODUCT_BUNDLE_IDENTIFIER = com.yourcompany.pluginTemplate;
				PRODUCT_NAME = "pluginTemplate";
				SKIP_INSTALL = YES;
				USE_HEADERMAP = NO;
				VALID_ARCHS = "i386 x86_64 arm64 arm64e";
			};
			name = Debug;
		};
		E0607F3E2F893F4BBDAB98D7 = {
			isa = XCBuildConfiguration;
			buildSettings = {
				CLANG_CXX_LANGUAGE_STANDARD = "c++14";
				CLANG_CXX_LIBRARY = "libc++";
				CLANG_LINK_OBJC_RUNTIME = NO;
				CODE_SIGN_IDENTITY = "";
				COMBINE_HIDPI_IMAGES = YES;
				CONFIGURATION_BUILD_DIR = "$(PROJECT_DIR)/build/$(CONFIGURATION)";
				DEAD_CODE_STRIPPING = YES;
				GCC_GENERATE_DEBUGGING_SYMBOLS = NO;
				GCC_OPTIMIZATION_LEVEL = 3;
				GCC_PREPROCESSOR_DEFINITIONS = (
					"_NDEBUG=1",
					"NDEBUG=1",
					"JUCER_XCODE_MAC_F6D2F4CF=1",
					"JUCE_APP_VERSION=1.0.0",
					"JUCE_APP_VERSION_HEX=0x10000",
					"JucePlugin_Build_VST=0",
					"JucePlugin_Build_VST3=1",
					"JucePlugin_Build_AU=1",
					"JucePlugin_Build_AUv3=0",
					"JucePlugin_Build_RTAS=0",
					"JucePlugin_Build_AAX=0",
					"JucePlugin_Build_Standalone=1",
					"JucePlugin_Build_Unity=0",
					"JUCE_SHARED_CODE=1",
				);
				GCC_VERSION = com.apple.compilers.llvm.clang.1_0;
				HEADER_SEARCH_PATHS = (
					"/Users/mdn/Desktop/JUCE/modules/juce_audio_processors/format_types/VST3_SDK",
					"../../JuceLibraryCode",
					"/Users/mdn/Desktop/JUCE/modules",
					"/Users/mdn/Desktop/JUCE/modules/juce_audio_plugin_client",
					"$(inherited)",
				);
				INSTALL_PATH = "@executable_path/../Frameworks";
				LLVM_LTO = YES;
				MACOSX_DEPLOYMENT_TARGET = 10.11;
				MTL_HEADER_SEARCH_PATHS = (
					"/Users/mdn/Desktop/JUCE/modules/juce_audio_processors/format_types/VST3_SDK",
					"../../JuceLibraryCode",
					"/Users/mdn/Desktop/JUCE/modules",
					"/Users/mdn/Desktop/JUCE/modules/juce_audio_plugin_client",
				);
				PRODUCT_BUNDLE_IDENTIFIER = com.yourcompany.pluginTemplate;
				PRODUCT_NAME = "pluginTemplate";
				SKIP_INSTALL = YES;
				USE_HEADERMAP = NO;
				VALID_ARCHS = "i386 x86_64 arm64 arm64e";
			};
			name = Release;
		};
		5FF9A333CC9053B609C6EF71 = {
			isa = XCBuildConfiguration;
			buildSettings = {
				ALWAYS_SEARCH_USER_PATHS = NO;
				CLANG_ENABLE_OBJC_WEAK = YES;
				CLANG_WARN_BLOCK_CAPTURE_AUTORELEASING = YES;
				CLANG_WARN_BOOL_CONVERSION = YES;
				CLANG_WARN_COMMA = YES;
				CLANG_WARN_CONSTANT_CONVERSION = YES;
				CLANG_WARN_DEPRECATED_OBJC_IMPLEMENTATIONS = YES;
				CLANG_WARN_EMPTY_BODY = YES;
				CLANG_WARN_ENUM_CONVERSION = YES;
				CLANG_WARN_INFINITE_RECURSION = YES;
				CLANG_WARN_INT_CONVERSION = YES;
				CLANG_WARN_NON_LITERAL_NULL_CONVERSION = YES;
				CLANG_WARN_OBJC_IMPLICIT_RETAIN_SELF = YES;
				CLANG_WARN_OBJC_LITERAL_CONVERSION = YES;
				CLANG_WARN_RANGE_LOOP_ANALYSIS = YES;
				CLANG_WARN_STRICT_PROTOTYPES = YES;
				CLANG_WARN_SUSPICIOUS_MOVE = YES;
				CLANG_WARN_UNREACHABLE_CODE = YES;
				CLANG_WARN__DUPLICATE_METHOD_MATCH = YES;
				CODE_SIGN_IDENTITY = "";
				DEBUG_INFORMATION_FORMAT = dwarf;
				ENABLE_STRICT_OBJC_MSGSEND = YES;
				ENABLE_TESTABILITY = NO;
				GCC_C_LANGUAGE_STANDARD = c11;
				GCC_INLINES_ARE_PRIVATE_EXTERN = YES;
				GCC_MODEL_TUNING = G5;
				GCC_NO_COMMON_BLOCKS = YES;
				GCC_SYMBOLS_PRIVATE_EXTERN = YES;
				GCC_WARN_64_TO_32_BIT_CONVERSION = YES;
				GCC_WARN_ABOUT_RETURN_TYPE = YES;
				GCC_WARN_CHECK_SWITCH_STATEMENTS = YES;
				GCC_WARN_MISSING_PARENTHESES = YES;
				GCC_WARN_NON_VIRTUAL_DESTRUCTOR = YES;
				GCC_WARN_TYPECHECK_CALLS_TO_PRINTF = YES;
				GCC_WARN_UNDECLARED_SELECTOR = YES;
				GCC_WARN_UNINITIALIZED_AUTOS = YES;
				GCC_WARN_UNUSED_FUNCTION = YES;
				GCC_WARN_UNUSED_VARIABLE = YES;
				ONLY_ACTIVE_ARCH = YES;
				PRODUCT_NAME = "pluginTemplate";
				SDKROOT = macosx;
				WARNING_CFLAGS = "-Wreorder";
				ZERO_LINK = NO;
			};
			name = Debug;
		};
		64BC879B3AF4281BABD062A4 = {
			isa = XCBuildConfiguration;
			buildSettings = {
				ALWAYS_SEARCH_USER_PATHS = NO;
				CLANG_ENABLE_OBJC_WEAK = YES;
				CLANG_WARN_BLOCK_CAPTURE_AUTORELEASING = YES;
				CLANG_WARN_BOOL_CONVERSION = YES;
				CLANG_WARN_COMMA = YES;
				CLANG_WARN_CONSTANT_CONVERSION = YES;
				CLANG_WARN_DEPRECATED_OBJC_IMPLEMENTATIONS = YES;
				CLANG_WARN_EMPTY_BODY = YES;
				CLANG_WARN_ENUM_CONVERSION = YES;
				CLANG_WARN_INFINITE_RECURSION = YES;
				CLANG_WARN_INT_CONVERSION = YES;
				CLANG_WARN_NON_LITERAL_NULL_CONVERSION = YES;
				CLANG_WARN_OBJC_IMPLICIT_RETAIN_SELF = YES;
				CLANG_WARN_OBJC_LITERAL_CONVERSION = YES;
				CLANG_WARN_RANGE_LOOP_ANALYSIS = YES;
				CLANG_WARN_STRICT_PROTOTYPES = YES;
				CLANG_WARN_SUSPICIOUS_MOVE = YES;
				CLANG_WARN_UNREACHABLE_CODE = YES;
				CLANG_WARN__DUPLICATE_METHOD_MATCH = YES;
				CODE_SIGN_IDENTITY = "";
				DEBUG_INFORMATION_FORMAT = dwarf;
				ENABLE_STRICT_OBJC_MSGSEND = YES;
				ENABLE_TESTABILITY = NO;
				GCC_C_LANGUAGE_STANDARD = c11;
				GCC_INLINES_ARE_PRIVATE_EXTERN = YES;
				GCC_MODEL_TUNING = G5;
				GCC_NO_COMMON_BLOCKS = YES;
				GCC_SYMBOLS_PRIVATE_EXTERN = YES;
				GCC_WARN_64_TO_32_BIT_CONVERSION = YES;
				GCC_WARN_ABOUT_RETURN_TYPE = YES;
				GCC_WARN_CHECK_SWITCH_STATEMENTS = YES;
				GCC_WARN_MISSING_PARENTHESES = YES;
				GCC_WARN_NON_VIRTUAL_DESTRUCTOR = YES;
				GCC_WARN_TYPECHECK_CALLS_TO_PRINTF = YES;
				GCC_WARN_UNDECLARED_SELECTOR = YES;
				GCC_WARN_UNINITIALIZED_AUTOS = YES;
				GCC_WARN_UNUSED_FUNCTION = YES;
				GCC_WARN_UNUSED_VARIABLE = YES;
				PRODUCT_NAME = "pluginTemplate";
				SDKROOT = macosx;
				WARNING_CFLAGS = "-Wreorder";
				ZERO_LINK = NO;
			};
			name = Release;
		};
		9AB0EAFEE2BD177EF4F98D23 = {
			isa = XCConfigurationList;
			buildConfigurations = (
				5FF9A333CC9053B609C6EF71,
				64BC879B3AF4281BABD062A4,
			);
			defaultConfigurationIsVisible = 0;
			defaultConfigurationName = Debug;
		};
		C60BE9FB4360A448EDF8D977 = {
			isa = XCConfigurationList;
			buildConfigurations = (
				517EC1C0166848BEFDCD3E5E,
				E9254E8D4C3C9773F4D5B187,
			);
			defaultConfigurationIsVisible = 0;
			defaultConfigurationName = Debug;
		};
		B3B23132C489677B9801C791 = {
			isa = PBXAggregateTarget;
			buildConfigurationList = C60BE9FB4360A448EDF8D977;
			buildPhases = ( );
			buildRules = ( );
			dependencies = (
				55F73EA3B3396BB09E0DD646,
				A1C823F379E54D7B13D92131,
				E16C58315A698C09838D3FCC,
				61C8C9BC8C07AA1356800137,
			);
			name = "pluginTemplate - All";
			productName = pluginTemplate;
		};
		C237F8C2457D98F0553E1C28 = {
			isa = XCConfigurationList;
			buildConfigurations = (
				4B397327C2C4D09049A14C91,
				6926AAF2B473FAFE45DF019F,
			);
			defaultConfigurationIsVisible = 0;
			defaultConfigurationName = Debug;
		};
		B6CC69EDDD137E9DB5BF93A8 = {
			isa = PBXResourcesBuildPhase;
			buildActionMask = 2147483647;
			files = (
				713097EBB761C7E4256798A8,
			);
			runOnlyForDeploymentPostprocessing = 0;
		};
		613D127B7D301161AD702526 = {
			isa = PBXSourcesBuildPhase;
			buildActionMask = 2147483647;
			files = (
				3E3EE7407E7120276069501F,
			);
			runOnlyForDeploymentPostprocessing = 0;
		};
		D36DDC36CE441E6B5CBCDE22 = {
			isa = PBXFrameworksBuildPhase;
			buildActionMask = 2147483647;
			files = (
				BDA2971AE80EED7B00D93169,
				F7F1D19EDFEF6B31FE3E6CE4,
				C7951B0D7261CBE8EAE2D3E8,
				AA720F65416ABC98B635CC66,
				A93DE0E3B64587B21EAB3F04,
				91431F0F9A98C8BD14365E71,
				ACDF388AD2BE4359E51BAE98,
				F9BDA15B3A51E9CBC2A82A3E,
				CE8F8DFFB86DDF0FBEF1B3E4,
				405C8D471C043A341479CB0A,
				CD209D80FAF5E6296B4631C9,
			);
			runOnlyForDeploymentPostprocessing = 0;
		};
		94BCF32225710BD97C4950D9 = {
			isa = PBXNativeTarget;
			buildConfigurationList = C237F8C2457D98F0553E1C28;
			buildPhases = (
				B6CC69EDDD137E9DB5BF93A8,
				613D127B7D301161AD702526,
				D36DDC36CE441E6B5CBCDE22,
			);
			buildRules = ( );
			dependencies = (
				402EAABEC53ED96C9F44D978,
			);
			name = "pluginTemplate - VST3";
			productName = pluginTemplate;
			productReference = 4578F0186201F0B4268AC0CB;
			productType = "com.apple.product-type.bundle";
		};
		77909A7BA8F84D166FF107DC = {
			isa = XCConfigurationList;
			buildConfigurations = (
				92C0E38C1063CB20B0A592AB,
				760CDE8EE3E3126D0CCFD1FC,
			);
			defaultConfigurationIsVisible = 0;
			defaultConfigurationName = Debug;
		};
		9493D06C79EEFF6BA47451EF = {
			isa = PBXResourcesBuildPhase;
			buildActionMask = 2147483647;
			files = (
				713097EBB761C7E4256798A8,
			);
			runOnlyForDeploymentPostprocessing = 0;
		};
		81360255D0D2BCD500D7389B = {
			isa = PBXRezBuildPhase;
			buildActionMask = 2147483647;
			files = (
				8128C40E97CDEAFCC3008DC1,
			);
			runOnlyForDeploymentPostprocessing = 0;
		};
		B01CEA6626D98FA297686B98 = {
			isa = PBXSourcesBuildPhase;
			buildActionMask = 2147483647;
			files = (
				75CC8EA159C6C6F9777E1869,
				C64141FAE4B3701E9A40887F,
			);
			runOnlyForDeploymentPostprocessing = 0;
		};
		BD3D3337EADECFCCC3C6E3E1 = {
			isa = PBXFrameworksBuildPhase;
			buildActionMask = 2147483647;
			files = (
				FF80CCADE7B635817F3000E5,
				BDA2971AE80EED7B00D93169,
				F7F1D19EDFEF6B31FE3E6CE4,
				C7951B0D7261CBE8EAE2D3E8,
				AA720F65416ABC98B635CC66,
				A93DE0E3B64587B21EAB3F04,
				91431F0F9A98C8BD14365E71,
				ACDF388AD2BE4359E51BAE98,
				F9BDA15B3A51E9CBC2A82A3E,
				CE8F8DFFB86DDF0FBEF1B3E4,
				405C8D471C043A341479CB0A,
				CD209D80FAF5E6296B4631C9,
			);
			runOnlyForDeploymentPostprocessing = 0;
		};
		72B2C16D2EB07021EFA0C9FD = {
			isa = PBXNativeTarget;
			buildConfigurationList = 77909A7BA8F84D166FF107DC;
			buildPhases = (
				9493D06C79EEFF6BA47451EF,
				81360255D0D2BCD500D7389B,
				B01CEA6626D98FA297686B98,
				BD3D3337EADECFCCC3C6E3E1,
			);
			buildRules = ( );
			dependencies = (
				34C04ED96B81EACCF3FA4649,
			);
			name = "pluginTemplate - AU";
			productName = pluginTemplate;
			productReference = 7E87280556AE23D47482A7CC;
			productType = "com.apple.product-type.bundle";
		};
		AA1EDDFA5CF909DFC62ACB66 = {
			isa = XCConfigurationList;
			buildConfigurations = (
				FEF7A48B49729424822B7CF5,
				CE190563180884D563B9D7AD,
			);
			defaultConfigurationIsVisible = 0;
			defaultConfigurationName = Debug;
		};
		AC4DA9FC267AB20220B70564 = {
			isa = PBXResourcesBuildPhase;
			buildActionMask = 2147483647;
			files = (
				713097EBB761C7E4256798A8,
			);
			runOnlyForDeploymentPostprocessing = 0;
		};
		D44C1085928BFB7D52DBB91B = {
			isa = PBXSourcesBuildPhase;
			buildActionMask = 2147483647;
			files = (
				FFFBC8D0187CB24CAC77A72B,
			);
			runOnlyForDeploymentPostprocessing = 0;
		};
		50ACB779574A7B0B2DC67564 = {
			isa = PBXFrameworksBuildPhase;
			buildActionMask = 2147483647;
			files = (
				BDA2971AE80EED7B00D93169,
				F7F1D19EDFEF6B31FE3E6CE4,
				C7951B0D7261CBE8EAE2D3E8,
				AA720F65416ABC98B635CC66,
				A93DE0E3B64587B21EAB3F04,
				91431F0F9A98C8BD14365E71,
				ACDF388AD2BE4359E51BAE98,
				F9BDA15B3A51E9CBC2A82A3E,
				CE8F8DFFB86DDF0FBEF1B3E4,
				405C8D471C043A341479CB0A,
				CD209D80FAF5E6296B4631C9,
			);
			runOnlyForDeploymentPostprocessing = 0;
		};
		41CF05C5A785059AF00193E3 = {
			isa = PBXNativeTarget;
			buildConfigurationList = AA1EDDFA5CF909DFC62ACB66;
			buildPhases = (
				AC4DA9FC267AB20220B70564,
				D44C1085928BFB7D52DBB91B,
				50ACB779574A7B0B2DC67564,
			);
			buildRules = ( );
			dependencies = (
				5A11C89B52D08F7DA4469098,
			);
			name = "pluginTemplate - Standalone Plugin";
			productName = pluginTemplate;
			productReference = 9C9108058208EDCA9466C7E4;
			productType = "com.apple.product-type.application";
		};
		9645B03B18F4C3D7392D8A20 = {
			isa = XCConfigurationList;
			buildConfigurations = (
				27B7EAF47E0E1D2963D6392E,
				E0607F3E2F893F4BBDAB98D7,
			);
			defaultConfigurationIsVisible = 0;
			defaultConfigurationName = Debug;
		};
		6FCE08E264AEEE8139A5C176 = {
			isa = PBXSourcesBuildPhase;
			buildActionMask = 2147483647;
			files = (
				80EC8A7DBF43936489D9C730,
				E3F885C79592755AB882BC00,
				7BB7B1BBD8F0563C849381A0,
				857EF5D15ABC24A7E6F2C5CE,
				55EF64B925B41638B289FC1A,
				25EE58CB15BD4690944C63E5,
				9A1A06013820FEA2103376A2,
				2ABB04F42B0CCC9373A75066,
				89DA28481C0CE1BD6E33415A,
				28F9474D41B775290F5C33A9,
				5ED2B8840D6617F77DFD2693,
				13EC971F5FEC309D34B38D93,
				51FEF07FB1F82BE8F048FB1D,
				58BD62D072BC3AEAE4E5A582,
				A074B1BD368D060BFE53794B,
			);
			runOnlyForDeploymentPostprocessing = 0;
		};
		2EC63D2F0B0E8B1922607613 = {
			isa = PBXNativeTarget;
			buildConfigurationList = 9645B03B18F4C3D7392D8A20;
			buildPhases = (
				6FCE08E264AEEE8139A5C176,
			);
			buildRules = ( );
			dependencies = ( );
			name = "pluginTemplate - Shared Code";
			productName = pluginTemplate;
			productReference = C9685D65CAF5B1233393A22D;
			productType = "com.apple.product-type.library.static";
		};
		50D030A1A89EEC09B1587E5F = {
			isa = PBXProject;
			buildConfigurationList = 9AB0EAFEE2BD177EF4F98D23;
			attributes = { LastUpgradeCheck = 1200; ORGANIZATIONNAME = ""; TargetAttributes = { B3B23132C489677B9801C791 = { SystemCapabilities = {com.apple.ApplicationGroups.iOS = { enabled = 0; }; com.apple.InAppPurchase = { enabled = 0; }; com.apple.InterAppAudio = { enabled = 0; }; com.apple.Push = { enabled = 0; }; com.apple.Sandbox = { enabled = 0; }; com.apple.HardenedRuntime = { enabled = 0; }; }; };94BCF32225710BD97C4950D9 = { SystemCapabilities = {com.apple.ApplicationGroups.iOS = { enabled = 0; }; com.apple.InAppPurchase = { enabled = 0; }; com.apple.InterAppAudio = { enabled = 0; }; com.apple.Push = { enabled = 0; }; com.apple.Sandbox = { enabled = 0; }; com.apple.HardenedRuntime = { enabled = 0; }; }; };72B2C16D2EB07021EFA0C9FD = { SystemCapabilities = {com.apple.ApplicationGroups.iOS = { enabled = 0; }; com.apple.InAppPurchase = { enabled = 0; }; com.apple.InterAppAudio = { enabled = 0; }; com.apple.Push = { enabled = 0; }; com.apple.Sandbox = { enabled = 0; }; com.apple.HardenedRuntime = { enabled = 0; }; }; };41CF05C5A785059AF00193E3 = { SystemCapabilities = {com.apple.ApplicationGroups.iOS = { enabled = 0; }; com.apple.InAppPurchase = { enabled = 0; }; com.apple.InterAppAudio = { enabled = 0; }; com.apple.Push = { enabled = 0; }; com.apple.Sandbox = { enabled = 0; }; com.apple.HardenedRuntime = { enabled = 0; }; }; };2EC63D2F0B0E8B1922607613 = { SystemCapabilities = {com.apple.ApplicationGroups.iOS = { enabled = 0; }; com.apple.InAppPurchase = { enabled = 0; }; com.apple.InterAppAudio = { enabled = 0; }; com.apple.Push = { enabled = 0; }; com.apple.Sandbox = { enabled = 0; }; com.apple.HardenedRuntime = { enabled = 0; }; }; }; }; };
			compatibilityVersion = "Xcode 3.2";
			hasScannedForEncodings = 0;
			mainGroup = B5692C10DBE2D1D03A6AEB71;
			projectDirPath = "";
			projectRoot = "";
			targets = (B3B23132C489677B9801C791, 94BCF32225710BD97C4950D9, 72B2C16D2EB07021EFA0C9FD, 41CF05C5A785059AF00193E3, 2EC63D2F0B0E8B1922607613);
			knownRegions = (en, Base);
		};
	};
	rootObject = 50D030A1A89EEC09B1587E5F;
}
